
Microsoft Visual Studio Solution File, Format Version 12.00
# Visual Studio 15
VisualStudioVersion = 15.0.28307.136
MinimumVisualStudioVersion = 10.0.40219.1
Project("{FAE04EC0-301F-11D3-BF4B-00C04F79EFBC}") = "SolutionEngine", "SolutionEngine\SolutionEngine.csproj", "{80956521-8B0D-420F-B3D1-6DCCF2802067}"
EndProject
Project("{9A19103F-16F7-4668-BE54-9A1E7A4F7556}") = "SolutionEngine.UnitTests", "SolutionEngine.UnitTests\SolutionEngine.UnitTests.csproj", "{8B762E98-1DB8-4B37-8A9E-63C3C2E3966F}"
EndProject
Project("{FAE04EC0-301F-11D3-BF4B-00C04F79EFBC}") = "View", "View\View.csproj", "{95840755-D27B-4D98-B087-38630251E42F}"
EndProject
Project("{FAE04EC0-301F-11D3-BF4B-00C04F79EFBC}") = "DataStructures", "DataStructures\DataStructures.csproj", "{20E52F93-6C4F-4BEF-87F0-A94EFE497003}"
EndProject
Project("{FAE04EC0-301F-11D3-BF4B-00C04F79EFBC}") = "Algorithms", "Algorithms\Algorithms.csproj", "{73AF91E1-5904-4143-9D27-FF283B468795}"
EndProject
Project("{FAE04EC0-301F-11D3-BF4B-00C04F79EFBC}") = "Algorithms.UnitTests", "Algorithms.UnitTests\Algorithms.UnitTests.csproj", "{0DE5DBB3-36CC-44D6-8CC5-A3630CD8E233}"
EndProject
Global
	GlobalSection(SolutionConfigurationPlatforms) = preSolution
		Debug|Any CPU = Debug|Any CPU
		Release|Any CPU = Release|Any CPU
	EndGlobalSection
	GlobalSection(ProjectConfigurationPlatforms) = postSolution
		{80956521-8B0D-420F-B3D1-6DCCF2802067}.Debug|Any CPU.ActiveCfg = Debug|Any CPU
		{80956521-8B0D-420F-B3D1-6DCCF2802067}.Debug|Any CPU.Build.0 = Debug|Any CPU
		{80956521-8B0D-420F-B3D1-6DCCF2802067}.Release|Any CPU.ActiveCfg = Release|Any CPU
		{80956521-8B0D-420F-B3D1-6DCCF2802067}.Release|Any CPU.Build.0 = Release|Any CPU
		{8B762E98-1DB8-4B37-8A9E-63C3C2E3966F}.Debug|Any CPU.ActiveCfg = Debug|Any CPU
		{8B762E98-1DB8-4B37-8A9E-63C3C2E3966F}.Debug|Any CPU.Build.0 = Debug|Any CPU
		{8B762E98-1DB8-4B37-8A9E-63C3C2E3966F}.Release|Any CPU.ActiveCfg = Release|Any CPU
		{8B762E98-1DB8-4B37-8A9E-63C3C2E3966F}.Release|Any CPU.Build.0 = Release|Any CPU
		{95840755-D27B-4D98-B087-38630251E42F}.Debug|Any CPU.ActiveCfg = Debug|Any CPU
		{95840755-D27B-4D98-B087-38630251E42F}.Debug|Any CPU.Build.0 = Debug|Any CPU
		{95840755-D27B-4D98-B087-38630251E42F}.Release|Any CPU.ActiveCfg = Release|Any CPU
		{95840755-D27B-4D98-B087-38630251E42F}.Release|Any CPU.Build.0 = Release|Any CPU
		{20E52F93-6C4F-4BEF-87F0-A94EFE497003}.Debug|Any CPU.ActiveCfg = Debug|Any CPU
		{20E52F93-6C4F-4BEF-87F0-A94EFE497003}.Debug|Any CPU.Build.0 = Debug|Any CPU
		{20E52F93-6C4F-4BEF-87F0-A94EFE497003}.Release|Any CPU.ActiveCfg = Release|Any CPU
		{20E52F93-6C4F-4BEF-87F0-A94EFE497003}.Release|Any CPU.Build.0 = Release|Any CPU
		{73AF91E1-5904-4143-9D27-FF283B468795}.Debug|Any CPU.ActiveCfg = Debug|Any CPU
		{73AF91E1-5904-4143-9D27-FF283B468795}.Debug|Any CPU.Build.0 = Debug|Any CPU
		{73AF91E1-5904-4143-9D27-FF283B468795}.Release|Any CPU.ActiveCfg = Release|Any CPU
		{73AF91E1-5904-4143-9D27-FF283B468795}.Release|Any CPU.Build.0 = Release|Any CPU
		{0DE5DBB3-36CC-44D6-8CC5-A3630CD8E233}.Debug|Any CPU.ActiveCfg = Debug|Any CPU
		{0DE5DBB3-36CC-44D6-8CC5-A3630CD8E233}.Debug|Any CPU.Build.0 = Debug|Any CPU
		{0DE5DBB3-36CC-44D6-8CC5-A3630CD8E233}.Release|Any CPU.ActiveCfg = Release|Any CPU
		{0DE5DBB3-36CC-44D6-8CC5-A3630CD8E233}.Release|Any CPU.Build.0 = Release|Any CPU
	EndGlobalSection
	GlobalSection(SolutionProperties) = preSolution
		HideSolutionNode = FALSE
	EndGlobalSection
	GlobalSection(ExtensibilityGlobals) = postSolution
		SolutionGuid = {79DE0580-7FEB-4C72-B705-AA505A171BE7}
	EndGlobalSection
EndGlobal
