
Microsoft Visual Studio Solution File, Format Version 12.00
# Visual Studio 15
VisualStudioVersion = 15.0.28307.136
MinimumVisualStudioVersion = 10.0.40219.1
Project("{FAE04EC0-301F-11D3-BF4B-00C04F79EFBC}") = "AlgorithmsAndDataStructures", "DataStructures\AlgorithmsAndDataStructures.csproj", "{20E52F93-6C4F-4BEF-87F0-A94EFE497003}"
EndProject
Project("{8BC9CEB8-8B4A-11D0-8D11-00A0C91BC942}") = "DataStructuresCpp", "DataStructuresCpp\DataStructuresCpp.vcxproj", "{79485FD9-C797-4CAB-8980-E5C4F559D99A}"
EndProject
Project("{8BC9CEB8-8B4A-11D0-8D11-00A0C91BC942}") = "DataStructuresCpp.UnitTests", "DataStructuresCpp.UnitTests\DataStructuresCpp.UnitTests.vcxproj", "{CCE83A96-A95E-45DC-8535-28AF5FDD70D6}"
EndProject
Project("{FAE04EC0-301F-11D3-BF4B-00C04F79EFBC}") = "AlgorithmsAndDataStructures.UnitTests", "DataStructures.UnitTests\AlgorithmsAndDataStructures.UnitTests.csproj", "{56927BA1-2ECC-4519-A90C-E79AC13DADB8}"
EndProject
Global
	GlobalSection(SolutionConfigurationPlatforms) = preSolution
		Debug|Any CPU = Debug|Any CPU
		Debug|x64 = Debug|x64
		Debug|x86 = Debug|x86
		Release|Any CPU = Release|Any CPU
		Release|x64 = Release|x64
		Release|x86 = Release|x86
	EndGlobalSection
	GlobalSection(ProjectConfigurationPlatforms) = postSolution
		{20E52F93-6C4F-4BEF-87F0-A94EFE497003}.Debug|Any CPU.ActiveCfg = Debug|Any CPU
		{20E52F93-6C4F-4BEF-87F0-A94EFE497003}.Debug|Any CPU.Build.0 = Debug|Any CPU
		{20E52F93-6C4F-4BEF-87F0-A94EFE497003}.Debug|x64.ActiveCfg = Debug|Any CPU
		{20E52F93-6C4F-4BEF-87F0-A94EFE497003}.Debug|x64.Build.0 = Debug|Any CPU
		{20E52F93-6C4F-4BEF-87F0-A94EFE497003}.Debug|x86.ActiveCfg = Debug|Any CPU
		{20E52F93-6C4F-4BEF-87F0-A94EFE497003}.Debug|x86.Build.0 = Debug|Any CPU
		{20E52F93-6C4F-4BEF-87F0-A94EFE497003}.Release|Any CPU.ActiveCfg = Release|Any CPU
		{20E52F93-6C4F-4BEF-87F0-A94EFE497003}.Release|Any CPU.Build.0 = Release|Any CPU
		{20E52F93-6C4F-4BEF-87F0-A94EFE497003}.Release|x64.ActiveCfg = Release|Any CPU
		{20E52F93-6C4F-4BEF-87F0-A94EFE497003}.Release|x64.Build.0 = Release|Any CPU
		{20E52F93-6C4F-4BEF-87F0-A94EFE497003}.Release|x86.ActiveCfg = Release|Any CPU
		{20E52F93-6C4F-4BEF-87F0-A94EFE497003}.Release|x86.Build.0 = Release|Any CPU
		{79485FD9-C797-4CAB-8980-E5C4F559D99A}.Debug|Any CPU.ActiveCfg = Debug|Win32
		{79485FD9-C797-4CAB-8980-E5C4F559D99A}.Debug|x64.ActiveCfg = Debug|x64
		{79485FD9-C797-4CAB-8980-E5C4F559D99A}.Debug|x64.Build.0 = Debug|x64
		{79485FD9-C797-4CAB-8980-E5C4F559D99A}.Debug|x86.ActiveCfg = Debug|Win32
		{79485FD9-C797-4CAB-8980-E5C4F559D99A}.Debug|x86.Build.0 = Debug|Win32
		{79485FD9-C797-4CAB-8980-E5C4F559D99A}.Release|Any CPU.ActiveCfg = Release|Win32
		{79485FD9-C797-4CAB-8980-E5C4F559D99A}.Release|x64.ActiveCfg = Release|x64
		{79485FD9-C797-4CAB-8980-E5C4F559D99A}.Release|x64.Build.0 = Release|x64
		{79485FD9-C797-4CAB-8980-E5C4F559D99A}.Release|x86.ActiveCfg = Release|Win32
		{79485FD9-C797-4CAB-8980-E5C4F559D99A}.Release|x86.Build.0 = Release|Win32
		{CCE83A96-A95E-45DC-8535-28AF5FDD70D6}.Debug|Any CPU.ActiveCfg = Debug|Win32
		{CCE83A96-A95E-45DC-8535-28AF5FDD70D6}.Debug|x64.ActiveCfg = Debug|x64
		{CCE83A96-A95E-45DC-8535-28AF5FDD70D6}.Debug|x64.Build.0 = Debug|x64
		{CCE83A96-A95E-45DC-8535-28AF5FDD70D6}.Debug|x86.ActiveCfg = Debug|Win32
		{CCE83A96-A95E-45DC-8535-28AF5FDD70D6}.Debug|x86.Build.0 = Debug|Win32
		{CCE83A96-A95E-45DC-8535-28AF5FDD70D6}.Release|Any CPU.ActiveCfg = Release|Win32
		{CCE83A96-A95E-45DC-8535-28AF5FDD70D6}.Release|x64.ActiveCfg = Release|x64
		{CCE83A96-A95E-45DC-8535-28AF5FDD70D6}.Release|x64.Build.0 = Release|x64
		{CCE83A96-A95E-45DC-8535-28AF5FDD70D6}.Release|x86.ActiveCfg = Release|Win32
		{CCE83A96-A95E-45DC-8535-28AF5FDD70D6}.Release|x86.Build.0 = Release|Win32
		{56927BA1-2ECC-4519-A90C-E79AC13DADB8}.Debug|Any CPU.ActiveCfg = Debug|Any CPU
		{56927BA1-2ECC-4519-A90C-E79AC13DADB8}.Debug|Any CPU.Build.0 = Debug|Any CPU
		{56927BA1-2ECC-4519-A90C-E79AC13DADB8}.Debug|x64.ActiveCfg = Debug|Any CPU
		{56927BA1-2ECC-4519-A90C-E79AC13DADB8}.Debug|x64.Build.0 = Debug|Any CPU
		{56927BA1-2ECC-4519-A90C-E79AC13DADB8}.Debug|x86.ActiveCfg = Debug|Any CPU
		{56927BA1-2ECC-4519-A90C-E79AC13DADB8}.Debug|x86.Build.0 = Debug|Any CPU
		{56927BA1-2ECC-4519-A90C-E79AC13DADB8}.Release|Any CPU.ActiveCfg = Release|Any CPU
		{56927BA1-2ECC-4519-A90C-E79AC13DADB8}.Release|Any CPU.Build.0 = Release|Any CPU
		{56927BA1-2ECC-4519-A90C-E79AC13DADB8}.Release|x64.ActiveCfg = Release|Any CPU
		{56927BA1-2ECC-4519-A90C-E79AC13DADB8}.Release|x64.Build.0 = Release|Any CPU
		{56927BA1-2ECC-4519-A90C-E79AC13DADB8}.Release|x86.ActiveCfg = Release|Any CPU
		{56927BA1-2ECC-4519-A90C-E79AC13DADB8}.Release|x86.Build.0 = Release|Any CPU
	EndGlobalSection
	GlobalSection(SolutionProperties) = preSolution
		HideSolutionNode = FALSE
	EndGlobalSection
	GlobalSection(ExtensibilityGlobals) = postSolution
		SolutionGuid = {79DE0580-7FEB-4C72-B705-AA505A171BE7}
	EndGlobalSection
EndGlobal
