
Microsoft Visual Studio Solution File, Format Version 12.00
# Visual Studio 15
VisualStudioVersion = 15.0.28307.136
MinimumVisualStudioVersion = 10.0.40219.1
Project("{FAE04EC0-301F-11D3-BF4B-00C04F79EFBC}") = "SolutionEngine", "SolutionEngine\SolutionEngine.csproj", "{80956521-8B0D-420F-B3D1-6DCCF2802067}"
EndProject
Project("{FAE04EC0-301F-11D3-BF4B-00C04F79EFBC}") = "SolutionEngine.UnitTests", "SolutionEngine.UnitTests\SolutionEngine.UnitTests.csproj", "{8B762E98-1DB8-4B37-8A9E-63C3C2E3966F}"
EndProject
Global
	GlobalSection(SolutionConfigurationPlatforms) = preSolution
		Debug|Any CPU = Debug|Any CPU
		Release|Any CPU = Release|Any CPU
	EndGlobalSection
	GlobalSection(ProjectConfigurationPlatforms) = postSolution
		{80956521-8B0D-420F-B3D1-6DCCF2802067}.Debug|Any CPU.ActiveCfg = Debug|Any CPU
		{80956521-8B0D-420F-B3D1-6DCCF2802067}.Debug|Any CPU.Build.0 = Debug|Any CPU
		{80956521-8B0D-420F-B3D1-6DCCF2802067}.Release|Any CPU.ActiveCfg = Release|Any CPU
		{80956521-8B0D-420F-B3D1-6DCCF2802067}.Release|Any CPU.Build.0 = Release|Any CPU
		{8B762E98-1DB8-4B37-8A9E-63C3C2E3966F}.Debug|Any CPU.ActiveCfg = Debug|Any CPU
		{8B762E98-1DB8-4B37-8A9E-63C3C2E3966F}.Debug|Any CPU.Build.0 = Debug|Any CPU
		{8B762E98-1DB8-4B37-8A9E-63C3C2E3966F}.Release|Any CPU.ActiveCfg = Release|Any CPU
		{8B762E98-1DB8-4B37-8A9E-63C3C2E3966F}.Release|Any CPU.Build.0 = Release|Any CPU
	EndGlobalSection
	GlobalSection(SolutionProperties) = preSolution
		HideSolutionNode = FALSE
	EndGlobalSection
	GlobalSection(ExtensibilityGlobals) = postSolution
		SolutionGuid = {79DE0580-7FEB-4C72-B705-AA505A171BE7}
	EndGlobalSection
EndGlobal
